
Microsoft Visual Studio Solution File, Format Version 12.00
# Visual Studio Version 17
VisualStudioVersion = 17.7.34221.43
MinimumVisualStudioVersion = 10.0.40219.1
Project("{FAE04EC0-301F-11D3-BF4B-00C04F79EFBC}") = "WinFormsApp2", "WinFormsApp2\WinFormsApp2.csproj", "{BCD9E28A-524B-456A-B317-6D5AE365EE97}"
EndProject
Global
	GlobalSection(SolutionConfigurationPlatforms) = preSolution
		Debug|Any CPU = Debug|Any CPU
		Release|Any CPU = Release|Any CPU
	EndGlobalSection
	GlobalSection(ProjectConfigurationPlatforms) = postSolution
		{BCD9E28A-524B-456A-B317-6D5AE365EE97}.Debug|Any CPU.ActiveCfg = Debug|Any CPU
		{BCD9E28A-524B-456A-B317-6D5AE365EE97}.Debug|Any CPU.Build.0 = Debug|Any CPU
		{BCD9E28A-524B-456A-B317-6D5AE365EE97}.Release|Any CPU.ActiveCfg = Release|Any CPU
		{BCD9E28A-524B-456A-B317-6D5AE365EE97}.Release|Any CPU.Build.0 = Release|Any CPU
	EndGlobalSection
	GlobalSection(SolutionProperties) = preSolution
		HideSolutionNode = FALSE
	EndGlobalSection
	GlobalSection(ExtensibilityGlobals) = postSolution
		SolutionGuid = {14F3F87E-A4C6-415A-A122-2FF22E934872}
	EndGlobalSection
EndGlobal
